
Microsoft Visual Studio Solution File, Format Version 12.00
# Visual Studio Version 17
VisualStudioVersion = 17.14.37012.4 d17.14
MinimumVisualStudioVersion = 10.0.40219.1
Project("{FAE04EC0-301F-11D3-BF4B-00C04F79EFBC}") = "Zed68", "Zed68.csproj", "{BCBA1F95-3486-40FC-A187-CB2A4A1CF220}"
EndProject
Global
	GlobalSection(SolutionConfigurationPlatforms) = preSolution
		Debug|Any CPU = Debug|Any CPU
		Release|Any CPU = Release|Any CPU
	EndGlobalSection
	GlobalSection(ProjectConfigurationPlatforms) = postSolution
		{BCBA1F95-3486-40FC-A187-CB2A4A1CF220}.Debug|Any CPU.ActiveCfg = Debug|Any CPU
		{BCBA1F95-3486-40FC-A187-CB2A4A1CF220}.Debug|Any CPU.Build.0 = Debug|Any CPU
		{BCBA1F95-3486-40FC-A187-CB2A4A1CF220}.Release|Any CPU.ActiveCfg = Release|Any CPU
		{BCBA1F95-3486-40FC-A187-CB2A4A1CF220}.Release|Any CPU.Build.0 = Release|Any CPU
	EndGlobalSection
	GlobalSection(SolutionProperties) = preSolution
		HideSolutionNode = FALSE
	EndGlobalSection
	GlobalSection(ExtensibilityGlobals) = postSolution
		SolutionGuid = {53DFC635-83E6-4EF2-A387-5998DE6363AC}
	EndGlobalSection
EndGlobal
